
Microsoft Visual Studio Solution File, Format Version 12.00
# Visual Studio 15
VisualStudioVersion = 15.0.27004.2002
MinimumVisualStudioVersion = 10.0.40219.1
Project("{FAE04EC0-301F-11D3-BF4B-00C04F79EFBC}") = "UcururAirline.UI", "UcururAirline.UI\UcururAirline.UI.csproj", "{EC9372E4-F2DF-4450-B6AE-F418647F4F98}"
EndProject
Project("{FAE04EC0-301F-11D3-BF4B-00C04F79EFBC}") = "UcururAirline.Entities", "UcururAirline.Entities\UcururAirline.Entities.csproj", "{D16EFEDB-2860-4411-84D3-2A6436180853}"
EndProject
Global
	GlobalSection(SolutionConfigurationPlatforms) = preSolution
		Debug|Any CPU = Debug|Any CPU
		Release|Any CPU = Release|Any CPU
	EndGlobalSection
	GlobalSection(ProjectConfigurationPlatforms) = postSolution
		{EC9372E4-F2DF-4450-B6AE-F418647F4F98}.Debug|Any CPU.ActiveCfg = Debug|Any CPU
		{EC9372E4-F2DF-4450-B6AE-F418647F4F98}.Debug|Any CPU.Build.0 = Debug|Any CPU
		{EC9372E4-F2DF-4450-B6AE-F418647F4F98}.Release|Any CPU.ActiveCfg = Release|Any CPU
		{EC9372E4-F2DF-4450-B6AE-F418647F4F98}.Release|Any CPU.Build.0 = Release|Any CPU
		{D16EFEDB-2860-4411-84D3-2A6436180853}.Debug|Any CPU.ActiveCfg = Debug|Any CPU
		{D16EFEDB-2860-4411-84D3-2A6436180853}.Debug|Any CPU.Build.0 = Debug|Any CPU
		{D16EFEDB-2860-4411-84D3-2A6436180853}.Release|Any CPU.ActiveCfg = Release|Any CPU
		{D16EFEDB-2860-4411-84D3-2A6436180853}.Release|Any CPU.Build.0 = Release|Any CPU
	EndGlobalSection
	GlobalSection(SolutionProperties) = preSolution
		HideSolutionNode = FALSE
	EndGlobalSection
	GlobalSection(ExtensibilityGlobals) = postSolution
		SolutionGuid = {469287CB-84B7-4179-9CD9-BB30AC876758}
	EndGlobalSection
EndGlobal
